// !$*UTF8*$!
{
	archiveVersion = 1;
	classes = {
	};
	objectVersion = 56;
	objects = {

/* Begin PBXBuildFile section */
		EF3891152AB6245600A272FC /* DetailViewController.swift in Sources */ = {isa = PBXBuildFile; fileRef = EF3891142AB6245600A272FC /* DetailViewController.swift */; };
		EF3891192AB8C9D700A272FC /* ExerciseViewController.swift in Sources */ = {isa = PBXBuildFile; fileRef = EF3891182AB8C9D700A272FC /* ExerciseViewController.swift */; };
		EF56AE0B2AACD3720041A63C /* AppDelegate.swift in Sources */ = {isa = PBXBuildFile; fileRef = EF56AE0A2AACD3720041A63C /* AppDelegate.swift */; };
		EF56AE0D2AACD3720041A63C /* SceneDelegate.swift in Sources */ = {isa = PBXBuildFile; fileRef = EF56AE0C2AACD3720041A63C /* SceneDelegate.swift */; };
		EF56AE0F2AACD3720041A63C /* ViewController.swift in Sources */ = {isa = PBXBuildFile; fileRef = EF56AE0E2AACD3720041A63C /* ViewController.swift */; };
		EF56AE122AACD3720041A63C /* Main.storyboard in Resources */ = {isa = PBXBuildFile; fileRef = EF56AE102AACD3720041A63C /* Main.storyboard */; };
		EF56AE142AACD3750041A63C /* Assets.xcassets in Resources */ = {isa = PBXBuildFile; fileRef = EF56AE132AACD3750041A63C /* Assets.xcassets */; };
		EF56AE172AACD3750041A63C /* LaunchScreen.storyboard in Resources */ = {isa = PBXBuildFile; fileRef = EF56AE152AACD3750041A63C /* LaunchScreen.storyboard */; };
		EF56AE1F2AACD6DD0041A63C /* BodyPart.swift in Sources */ = {isa = PBXBuildFile; fileRef = EF56AE1E2AACD6DD0041A63C /* BodyPart.swift */; };
		EF56AE212AACD6F30041A63C /* Exercise.swift in Sources */ = {isa = PBXBuildFile; fileRef = EF56AE202AACD6F30041A63C /* Exercise.swift */; };
		EF56AE232AACF0780041A63C /* data.json in Resources */ = {isa = PBXBuildFile; fileRef = EF56AE222AACF0770041A63C /* data.json */; };
		EF56AE252AACF2FE0041A63C /* ImageTextTableViewCell.swift in Sources */ = {isa = PBXBuildFile; fileRef = EF56AE242AACF2FE0041A63C /* ImageTextTableViewCell.swift */; };
		EFCCA97B2AC8A9D4006FDA2A /* UIImage+Gif.swift in Sources */ = {isa = PBXBuildFile; fileRef = EFCCA97A2AC8A9D4006FDA2A /* UIImage+Gif.swift */; };
		EFCCA98F2AC9E83A006FDA2A /* Exercises in Resources */ = {isa = PBXBuildFile; fileRef = EFCCA98E2AC9E839006FDA2A /* Exercises */; };
/* End PBXBuildFile section */

/* Begin PBXFileReference section */
		EF3891142AB6245600A272FC /* DetailViewController.swift */ = {isa = PBXFileReference; lastKnownFileType = sourcecode.swift; path = DetailViewController.swift; sourceTree = "<group>"; };
		EF3891182AB8C9D700A272FC /* ExerciseViewController.swift */ = {isa = PBXFileReference; lastKnownFileType = sourcecode.swift; path = ExerciseViewController.swift; sourceTree = "<group>"; };
		EF56AE072AACD3720041A63C /* Bodybuilding Exercises.app */ = {isa = PBXFileReference; explicitFileType = wrapper.application; includeInIndex = 0; path = "Bodybuilding Exercises.app"; sourceTree = BUILT_PRODUCTS_DIR; };
		EF56AE0A2AACD3720041A63C /* AppDelegate.swift */ = {isa = PBXFileReference; lastKnownFileType = sourcecode.swift; path = AppDelegate.swift; sourceTree = "<group>"; };
		EF56AE0C2AACD3720041A63C /* SceneDelegate.swift */ = {isa = PBXFileReference; lastKnownFileType = sourcecode.swift; path = SceneDelegate.swift; sourceTree = "<group>"; };
		EF56AE0E2AACD3720041A63C /* ViewController.swift */ = {isa = PBXFileReference; lastKnownFileType = sourcecode.swift; path = ViewController.swift; sourceTree = "<group>"; };
		EF56AE112AACD3720041A63C /* Base */ = {isa = PBXFileReference; lastKnownFileType = file.storyboard; name = Base; path = Base.lproj/Main.storyboard; sourceTree = "<group>"; };
		EF56AE132AACD3750041A63C /* Assets.xcassets */ = {isa = PBXFileReference; lastKnownFileType = folder.assetcatalog; path = Assets.xcassets; sourceTree = "<group>"; };
		EF56AE162AACD3750041A63C /* Base */ = {isa = PBXFileReference; lastKnownFileType = file.storyboard; name = Base; path = Base.lproj/LaunchScreen.storyboard; sourceTree = "<group>"; };
		EF56AE182AACD3750041A63C /* Info.plist */ = {isa = PBXFileReference; lastKnownFileType = text.plist.xml; name = Info.plist; path = "/Users/efedoganay/Desktop/Bodybuilding Exercises/Bodybuilding Exercises/Info.plist"; sourceTree = "<absolute>"; };
		EF56AE1E2AACD6DD0041A63C /* BodyPart.swift */ = {isa = PBXFileReference; lastKnownFileType = sourcecode.swift; path = BodyPart.swift; sourceTree = "<group>"; };
		EF56AE202AACD6F30041A63C /* Exercise.swift */ = {isa = PBXFileReference; lastKnownFileType = sourcecode.swift; path = Exercise.swift; sourceTree = "<group>"; };
		EF56AE222AACF0770041A63C /* data.json */ = {isa = PBXFileReference; fileEncoding = 4; lastKnownFileType = text.json; path = data.json; sourceTree = "<group>"; };
		EF56AE242AACF2FE0041A63C /* ImageTextTableViewCell.swift */ = {isa = PBXFileReference; lastKnownFileType = sourcecode.swift; path = ImageTextTableViewCell.swift; sourceTree = "<group>"; };
		EFCCA97A2AC8A9D4006FDA2A /* UIImage+Gif.swift */ = {isa = PBXFileReference; fileEncoding = 4; lastKnownFileType = sourcecode.swift; path = "UIImage+Gif.swift"; sourceTree = "<group>"; };
		EFCCA98E2AC9E839006FDA2A /* Exercises */ = {isa = PBXFileReference; lastKnownFileType = folder; path = Exercises; sourceTree = "<group>"; };
/* End PBXFileReference section */

/* Begin PBXFrameworksBuildPhase section */
		EF56AE042AACD3720041A63C /* Frameworks */ = {
			isa = PBXFrameworksBuildPhase;
			buildActionMask = 2147483647;
			files = (
			);
			runOnlyForDeploymentPostprocessing = 0;
		};
/* End PBXFrameworksBuildPhase section */

/* Begin PBXGroup section */
		EF56ADFE2AACD3710041A63C = {
			isa = PBXGroup;
			children = (
				EF56AE092AACD3720041A63C /* Bodybuilding Exercises */,
				EF56AE082AACD3720041A63C /* Products */,
			);
			sourceTree = "<group>";
		};
		EF56AE082AACD3720041A63C /* Products */ = {
			isa = PBXGroup;
			children = (
				EF56AE072AACD3720041A63C /* Bodybuilding Exercises.app */,
			);
			name = Products;
			sourceTree = "<group>";
		};
		EF56AE092AACD3720041A63C /* Bodybuilding Exercises */ = {
			isa = PBXGroup;
			children = (
				EFCCA98E2AC9E839006FDA2A /* Exercises */,
				EFCCA97A2AC8A9D4006FDA2A /* UIImage+Gif.swift */,
				EF56AE222AACF0770041A63C /* data.json */,
				EF56AE0A2AACD3720041A63C /* AppDelegate.swift */,
				EF56AE0C2AACD3720041A63C /* SceneDelegate.swift */,
				EF56AE132AACD3750041A63C /* Assets.xcassets */,
				EF56AE152AACD3750041A63C /* LaunchScreen.storyboard */,
				EF56AE182AACD3750041A63C /* Info.plist */,
				EF56AE1E2AACD6DD0041A63C /* BodyPart.swift */,
				EF56AE202AACD6F30041A63C /* Exercise.swift */,
				EF56AE242AACF2FE0041A63C /* ImageTextTableViewCell.swift */,
				EF56AE102AACD3720041A63C /* Main.storyboard */,
				EF56AE0E2AACD3720041A63C /* ViewController.swift */,
				EF3891182AB8C9D700A272FC /* ExerciseViewController.swift */,
				EF3891142AB6245600A272FC /* DetailViewController.swift */,
			);
			path = "Bodybuilding Exercises";
			sourceTree = "<group>";
		};
/* End PBXGroup section */

/* Begin PBXNativeTarget section */
		EF56AE062AACD3720041A63C /* Bodybuilding Exercises */ = {
			isa = PBXNativeTarget;
			buildConfigurationList = EF56AE1B2AACD3750041A63C /* Build configuration list for PBXNativeTarget "Bodybuilding Exercises" */;
			buildPhases = (
				EF56AE032AACD3720041A63C /* Sources */,
				EF56AE042AACD3720041A63C /* Frameworks */,
				EF56AE052AACD3720041A63C /* Resources */,
			);
			buildRules = (
			);
			dependencies = (
			);
			name = "Bodybuilding Exercises";
			productName = WorkoutAnatomy;
			productReference = EF56AE072AACD3720041A63C /* Bodybuilding Exercises.app */;
			productType = "com.apple.product-type.application";
		};
/* End PBXNativeTarget section */

/* Begin PBXProject section */
		EF56ADFF2AACD3710041A63C /* Project object */ = {
			isa = PBXProject;
			attributes = {
				BuildIndependentTargetsInParallel = 1;
				LastSwiftUpdateCheck = 1430;
				LastUpgradeCheck = 1430;
				TargetAttributes = {
					EF56AE062AACD3720041A63C = {
						CreatedOnToolsVersion = 14.3.1;
					};
				};
			};
			buildConfigurationList = EF56AE022AACD3710041A63C /* Build configuration list for PBXProject "Bodybuilding Exercises" */;
			compatibilityVersion = "Xcode 14.0";
			developmentRegion = en;
			hasScannedForEncodings = 0;
			knownRegions = (
				en,
				Base,
			);
			mainGroup = EF56ADFE2AACD3710041A63C;
			productRefGroup = EF56AE082AACD3720041A63C /* Products */;
			projectDirPath = "";
			projectRoot = "";
			targets = (
				EF56AE062AACD3720041A63C /* Bodybuilding Exercises */,
			);
		};
/* End PBXProject section */

/* Begin PBXResourcesBuildPhase section */
		EF56AE052AACD3720041A63C /* Resources */ = {
			isa = PBXResourcesBuildPhase;
			buildActionMask = 2147483647;
			files = (
				EF56AE172AACD3750041A63C /* LaunchScreen.storyboard in Resources */,
				EFCCA98F2AC9E83A006FDA2A /* Exercises in Resources */,
				EF56AE142AACD3750041A63C /* Assets.xcassets in Resources */,
				EF56AE122AACD3720041A63C /* Main.storyboard in Resources */,
				EF56AE232AACF0780041A63C /* data.json in Resources */,
			);
			runOnlyForDeploymentPostprocessing = 0;
		};
/* End PBXResourcesBuildPhase section */

/* Begin PBXSourcesBuildPhase section */
		EF56AE032AACD3720041A63C /* Sources */ = {
			isa = PBXSourcesBuildPhase;
			buildActionMask = 2147483647;
			files = (
				EF56AE212AACD6F30041A63C /* Exercise.swift in Sources */,
				EF56AE0F2AACD3720041A63C /* ViewController.swift in Sources */,
				EF56AE252AACF2FE0041A63C /* ImageTextTableViewCell.swift in Sources */,
				EFCCA97B2AC8A9D4006FDA2A /* UIImage+Gif.swift in Sources */,
				EF56AE0B2AACD3720041A63C /* AppDelegate.swift in Sources */,
				EF56AE1F2AACD6DD0041A63C /* BodyPart.swift in Sources */,
				EF56AE0D2AACD3720041A63C /* SceneDelegate.swift in Sources */,
				EF3891192AB8C9D700A272FC /* ExerciseViewController.swift in Sources */,
				EF3891152AB6245600A272FC /* DetailViewController.swift in Sources */,
			);
			runOnlyForDeploymentPostprocessing = 0;
		};
/* End PBXSourcesBuildPhase section */

/* Begin PBXVariantGroup section */
		EF56AE102AACD3720041A63C /* Main.storyboard */ = {
			isa = PBXVariantGroup;
			children = (
				EF56AE112AACD3720041A63C /* Base */,
			);
			name = Main.storyboard;
			sourceTree = "<group>";
		};
		EF56AE152AACD3750041A63C /* LaunchScreen.storyboard */ = {
			isa = PBXVariantGroup;
			children = (
				EF56AE162AACD3750041A63C /* Base */,
			);
			name = LaunchScreen.storyboard;
			sourceTree = "<group>";
		};
/* End PBXVariantGroup section */

/* Begin XCBuildConfiguration section */
		EF56AE192AACD3750041A63C /* Debug */ = {
			isa = XCBuildConfiguration;
			buildSettings = {
				ALWAYS_SEARCH_USER_PATHS = NO;
				CLANG_ANALYZER_NONNULL = YES;
				CLANG_ANALYZER_NUMBER_OBJECT_CONVERSION = YES_AGGRESSIVE;
				CLANG_CXX_LANGUAGE_STANDARD = "gnu++20";
				CLANG_ENABLE_MODULES = YES;
				CLANG_ENABLE_OBJC_ARC = YES;
				CLANG_ENABLE_OBJC_WEAK = YES;
				CLANG_WARN_BLOCK_CAPTURE_AUTORELEASING = YES;
				CLANG_WARN_BOOL_CONVERSION = YES;
				CLANG_WARN_COMMA = YES;
				CLANG_WARN_CONSTANT_CONVERSION = YES;
				CLANG_WARN_DEPRECATED_OBJC_IMPLEMENTATIONS = YES;
				CLANG_WARN_DIRECT_OBJC_ISA_USAGE = YES_ERROR;
				CLANG_WARN_DOCUMENTATION_COMMENTS = YES;
				CLANG_WARN_EMPTY_BODY = YES;
				CLANG_WARN_ENUM_CONVERSION = YES;
				CLANG_WARN_INFINITE_RECURSION = YES;
				CLANG_WARN_INT_CONVERSION = YES;
				CLANG_WARN_NON_LITERAL_NULL_CONVERSION = YES;
				CLANG_WARN_OBJC_IMPLICIT_RETAIN_SELF = YES;
				CLANG_WARN_OBJC_LITERAL_CONVERSION = YES;
				CLANG_WARN_OBJC_ROOT_CLASS = YES_ERROR;
				CLANG_WARN_QUOTED_INCLUDE_IN_FRAMEWORK_HEADER = YES;
				CLANG_WARN_RANGE_LOOP_ANALYSIS = YES;
				CLANG_WARN_STRICT_PROTOTYPES = YES;
				CLANG_WARN_SUSPICIOUS_MOVE = YES;
				CLANG_WARN_UNGUARDED_AVAILABILITY = YES_AGGRESSIVE;
				CLANG_WARN_UNREACHABLE_CODE = YES;
				CLANG_WARN__DUPLICATE_METHOD_MATCH = YES;
				COPY_PHASE_STRIP = NO;
				DEBUG_INFORMATION_FORMAT = dwarf;
				ENABLE_STRICT_OBJC_MSGSEND = YES;
				ENABLE_TESTABILITY = YES;
				GCC_C_LANGUAGE_STANDARD = gnu11;
				GCC_DYNAMIC_NO_PIC = NO;
				GCC_NO_COMMON_BLOCKS = YES;
				GCC_OPTIMIZATION_LEVEL = 0;
				GCC_PREPROCESSOR_DEFINITIONS = (
					"DEBUG=1",
					"$(inherited)",
				);
				GCC_WARN_64_TO_32_BIT_CONVERSION = YES;
				GCC_WARN_ABOUT_RETURN_TYPE = YES_ERROR;
				GCC_WARN_UNDECLARED_SELECTOR = YES;
				GCC_WARN_UNINITIALIZED_AUTOS = YES_AGGRESSIVE;
				GCC_WARN_UNUSED_FUNCTION = YES;
				GCC_WARN_UNUSED_VARIABLE = YES;
				IPHONEOS_DEPLOYMENT_TARGET = 16.4;
				MTL_ENABLE_DEBUG_INFO = INCLUDE_SOURCE;
				MTL_FAST_MATH = YES;
				ONLY_ACTIVE_ARCH = YES;
				SDKROOT = iphoneos;
				SWIFT_ACTIVE_COMPILATION_CONDITIONS = DEBUG;
				SWIFT_OPTIMIZATION_LEVEL = "-Onone";
			};
			name = Debug;
		};
		EF56AE1A2AACD3750041A63C /* Release */ = {
			isa = XCBuildConfiguration;
			buildSettings = {
				ALWAYS_SEARCH_USER_PATHS = NO;
				CLANG_ANALYZER_NONNULL = YES;
				CLANG_ANALYZER_NUMBER_OBJECT_CONVERSION = YES_AGGRESSIVE;
				CLANG_CXX_LANGUAGE_STANDARD = "gnu++20";
				CLANG_ENABLE_MODULES = YES;
				CLANG_ENABLE_OBJC_ARC = YES;
				CLANG_ENABLE_OBJC_WEAK = YES;
				CLANG_WARN_BLOCK_CAPTURE_AUTORELEASING = YES;
				CLANG_WARN_BOOL_CONVERSION = YES;
				CLANG_WARN_COMMA = YES;
				CLANG_WARN_CONSTANT_CONVERSION = YES;
				CLANG_WARN_DEPRECATED_OBJC_IMPLEMENTATIONS = YES;
				CLANG_WARN_DIRECT_OBJC_ISA_USAGE = YES_ERROR;
				CLANG_WARN_DOCUMENTATION_COMMENTS = YES;
				CLANG_WARN_EMPTY_BODY = YES;
				CLANG_WARN_ENUM_CONVERSION = YES;
				CLANG_WARN_INFINITE_RECURSION = YES;
				CLANG_WARN_INT_CONVERSION = YES;
				CLANG_WARN_NON_LITERAL_NULL_CONVERSION = YES;
				CLANG_WARN_OBJC_IMPLICIT_RETAIN_SELF = YES;
				CLANG_WARN_OBJC_LITERAL_CONVERSION = YES;
				CLANG_WARN_OBJC_ROOT_CLASS = YES_ERROR;
				CLANG_WARN_QUOTED_INCLUDE_IN_FRAMEWORK_HEADER = YES;
				CLANG_WARN_RANGE_LOOP_ANALYSIS = YES;
				CLANG_WARN_STRICT_PROTOTYPES = YES;
				CLANG_WARN_SUSPICIOUS_MOVE = YES;
				CLANG_WARN_UNGUARDED_AVAILABILITY = YES_AGGRESSIVE;
				CLANG_WARN_UNREACHABLE_CODE = YES;
				CLANG_WARN__DUPLICATE_METHOD_MATCH = YES;
				COPY_PHASE_STRIP = NO;
				DEBUG_INFORMATION_FORMAT = "dwarf-with-dsym";
				ENABLE_NS_ASSERTIONS = NO;
				ENABLE_STRICT_OBJC_MSGSEND = YES;
				GCC_C_LANGUAGE_STANDARD = gnu11;
				GCC_NO_COMMON_BLOCKS = YES;
				GCC_WARN_64_TO_32_BIT_CONVERSION = YES;
				GCC_WARN_ABOUT_RETURN_TYPE = YES_ERROR;
				GCC_WARN_UNDECLARED_SELECTOR = YES;
				GCC_WARN_UNINITIALIZED_AUTOS = YES_AGGRESSIVE;
				GCC_WARN_UNUSED_FUNCTION = YES;
				GCC_WARN_UNUSED_VARIABLE = YES;
				IPHONEOS_DEPLOYMENT_TARGET = 16.4;
				MTL_ENABLE_DEBUG_INFO = NO;
				MTL_FAST_MATH = YES;
				SDKROOT = iphoneos;
				SWIFT_COMPILATION_MODE = wholemodule;
				SWIFT_OPTIMIZATION_LEVEL = "-O";
				VALIDATE_PRODUCT = YES;
			};
			name = Release;
		};
		EF56AE1C2AACD3750041A63C /* Debug */ = {
			isa = XCBuildConfiguration;
			buildSettings = {
				ASSETCATALOG_COMPILER_APPICON_NAME = AppIcon;
				ASSETCATALOG_COMPILER_GLOBAL_ACCENT_COLOR_NAME = AccentColor;
				CODE_SIGN_STYLE = Automatic;
				CURRENT_PROJECT_VERSION = 1;
				DEVELOPMENT_TEAM = XC9HX8N9H8;
				GENERATE_INFOPLIST_FILE = YES;
				INFOPLIST_FILE = "/Users/efedoganay/Desktop/Bodybuilding Exercises/Bodybuilding Exercises/Info.plist";
				INFOPLIST_KEY_UIApplicationSupportsIndirectInputEvents = YES;
				INFOPLIST_KEY_UILaunchStoryboardName = LaunchScreen;
				INFOPLIST_KEY_UIMainStoryboardFile = Main;
				INFOPLIST_KEY_UISupportedInterfaceOrientations_iPad = "UIInterfaceOrientationPortrait UIInterfaceOrientationPortraitUpsideDown UIInterfaceOrientationLandscapeLeft UIInterfaceOrientationLandscapeRight";
				INFOPLIST_KEY_UISupportedInterfaceOrientations_iPhone = "UIInterfaceOrientationPortrait UIInterfaceOrientationLandscapeLeft UIInterfaceOrientationLandscapeRight";
				LD_RUNPATH_SEARCH_PATHS = (
					"$(inherited)",
					"@executable_path/Frameworks",
				);
				MARKETING_VERSION = 1.0;
				PRODUCT_BUNDLE_IDENTIFIER = com.efedoganay.WorkoutAnatomy;
				PRODUCT_NAME = "$(TARGET_NAME)";
				SWIFT_EMIT_LOC_STRINGS = YES;
				SWIFT_VERSION = 5.0;
				TARGETED_DEVICE_FAMILY = "1,2";
			};
			name = Debug;
		};
		EF56AE1D2AACD3750041A63C /* Release */ = {
			isa = XCBuildConfiguration;
			buildSettings = {
				ASSETCATALOG_COMPILER_APPICON_NAME = AppIcon;
				ASSETCATALOG_COMPILER_GLOBAL_ACCENT_COLOR_NAME = AccentColor;
				CODE_SIGN_STYLE = Automatic;
				CURRENT_PROJECT_VERSION = 1;
				DEVELOPMENT_TEAM = XC9HX8N9H8;
				GENERATE_INFOPLIST_FILE = YES;
				INFOPLIST_FILE = "/Users/efedoganay/Desktop/Bodybuilding Exercises/Bodybuilding Exercises/Info.plist";
				INFOPLIST_KEY_UIApplicationSupportsIndirectInputEvents = YES;
				INFOPLIST_KEY_UILaunchStoryboardName = LaunchScreen;
				INFOPLIST_KEY_UIMainStoryboardFile = Main;
				INFOPLIST_KEY_UISupportedInterfaceOrientations_iPad = "UIInterfaceOrientationPortrait UIInterfaceOrientationPortraitUpsideDown UIInterfaceOrientationLandscapeLeft UIInterfaceOrientationLandscapeRight";
				INFOPLIST_KEY_UISupportedInterfaceOrientations_iPhone = "UIInterfaceOrientationPortrait UIInterfaceOrientationLandscapeLeft UIInterfaceOrientationLandscapeRight";
				LD_RUNPATH_SEARCH_PATHS = (
					"$(inherited)",
					"@executable_path/Frameworks",
				);
				MARKETING_VERSION = 1.0;
				PRODUCT_BUNDLE_IDENTIFIER = com.efedoganay.WorkoutAnatomy;
				PRODUCT_NAME = "$(TARGET_NAME)";
				SWIFT_EMIT_LOC_STRINGS = YES;
				SWIFT_VERSION = 5.0;
				TARGETED_DEVICE_FAMILY = "1,2";
			};
			name = Release;
		};
/* End XCBuildConfiguration section */

/* Begin XCConfigurationList section */
		EF56AE022AACD3710041A63C /* Build configuration list for PBXProject "Bodybuilding Exercises" */ = {
			isa = XCConfigurationList;
			buildConfigurations = (
				EF56AE192AACD3750041A63C /* Debug */,
				EF56AE1A2AACD3750041A63C /* Release */,
			);
			defaultConfigurationIsVisible = 0;
			defaultConfigurationName = Release;
		};
		EF56AE1B2AACD3750041A63C /* Build configuration list for PBXNativeTarget "Bodybuilding Exercises" */ = {
			isa = XCConfigurationList;
			buildConfigurations = (
				EF56AE1C2AACD3750041A63C /* Debug */,
				EF56AE1D2AACD3750041A63C /* Release */,
			);
			defaultConfigurationIsVisible = 0;
			defaultConfigurationName = Release;
		};
/* End XCConfigurationList section */
	};
	rootObject = EF56ADFF2AACD3710041A63C /* Project object */;
}
